
Microsoft Visual Studio Solution File, Format Version 12.00
# Visual Studio Version 16
VisualStudioVersion = 16.0.29609.76
MinimumVisualStudioVersion = 10.0.40219.1
Project("{FAE04EC0-301F-11D3-BF4B-00C04F79EFBC}") = "SIMS", "SIMS.csproj", "{F08B7215-A118-478D-BF4F-4227459CA2E4}"
EndProject
Global
	GlobalSection(SolutionConfigurationPlatforms) = preSolution
		Debug|Any CPU = Debug|Any CPU
		Release|Any CPU = Release|Any CPU
	EndGlobalSection
	GlobalSection(ProjectConfigurationPlatforms) = postSolution
		{F08B7215-A118-478D-BF4F-4227459CA2E4}.Debug|Any CPU.ActiveCfg = Debug|Any CPU
		{F08B7215-A118-478D-BF4F-4227459CA2E4}.Debug|Any CPU.Build.0 = Debug|Any CPU
		{F08B7215-A118-478D-BF4F-4227459CA2E4}.Release|Any CPU.ActiveCfg = Release|Any CPU
		{F08B7215-A118-478D-BF4F-4227459CA2E4}.Release|Any CPU.Build.0 = Release|Any CPU
	EndGlobalSection
	GlobalSection(SolutionProperties) = preSolution
		HideSolutionNode = FALSE
	EndGlobalSection
	GlobalSection(ExtensibilityGlobals) = postSolution
		SolutionGuid = {64842A2A-B38E-4CDD-93D0-5220CD8CF837}
	EndGlobalSection
EndGlobal
